
Microsoft Visual Studio Solution File, Format Version 12.00
# Visual Studio 2012
Project("{FAE04EC0-301F-11D3-BF4B-00C04F79EFBC}") = "APIMASH_Ordr.In_StarterKit_Phone", "APIMASH_Ordr.In_StarterKit_Phone\APIMASH_Ordr.In_StarterKit_Phone.csproj", "{F97E2FAA-958E-4A24-9B73-8076A29259C3}"
EndProject
Project("{FAE04EC0-301F-11D3-BF4B-00C04F79EFBC}") = "APIMASHLib", "APIMASHLib\APIMASHLib.csproj", "{743D8CD1-E0E0-4D7D-B97A-8E346DBF311F}"
EndProject
Project("{FAE04EC0-301F-11D3-BF4B-00C04F79EFBC}") = "APIMASH_OrdrInLib", "APIMASH_OrdrInLib\APIMASH_OrdrInLib.csproj", "{CF9832A5-C92F-4699-A0F6-D01576B869B5}"
EndProject
Global
	GlobalSection(SolutionConfigurationPlatforms) = preSolution
		Debug|Any CPU = Debug|Any CPU
		Debug|ARM = Debug|ARM
		Debug|x64 = Debug|x64
		Debug|x86 = Debug|x86
		Release|Any CPU = Release|Any CPU
		Release|ARM = Release|ARM
		Release|x64 = Release|x64
		Release|x86 = Release|x86
	EndGlobalSection
	GlobalSection(ProjectConfigurationPlatforms) = postSolution
		{F97E2FAA-958E-4A24-9B73-8076A29259C3}.Debug|Any CPU.ActiveCfg = Debug|Any CPU
		{F97E2FAA-958E-4A24-9B73-8076A29259C3}.Debug|Any CPU.Build.0 = Debug|Any CPU
		{F97E2FAA-958E-4A24-9B73-8076A29259C3}.Debug|Any CPU.Deploy.0 = Debug|Any CPU
		{F97E2FAA-958E-4A24-9B73-8076A29259C3}.Debug|ARM.ActiveCfg = Debug|ARM
		{F97E2FAA-958E-4A24-9B73-8076A29259C3}.Debug|ARM.Build.0 = Debug|ARM
		{F97E2FAA-958E-4A24-9B73-8076A29259C3}.Debug|ARM.Deploy.0 = Debug|ARM
		{F97E2FAA-958E-4A24-9B73-8076A29259C3}.Debug|x64.ActiveCfg = Debug|Any CPU
		{F97E2FAA-958E-4A24-9B73-8076A29259C3}.Debug|x86.ActiveCfg = Debug|x86
		{F97E2FAA-958E-4A24-9B73-8076A29259C3}.Debug|x86.Build.0 = Debug|x86
		{F97E2FAA-958E-4A24-9B73-8076A29259C3}.Debug|x86.Deploy.0 = Debug|x86
		{F97E2FAA-958E-4A24-9B73-8076A29259C3}.Release|Any CPU.ActiveCfg = Release|Any CPU
		{F97E2FAA-958E-4A24-9B73-8076A29259C3}.Release|Any CPU.Build.0 = Release|Any CPU
		{F97E2FAA-958E-4A24-9B73-8076A29259C3}.Release|Any CPU.Deploy.0 = Release|Any CPU
		{F97E2FAA-958E-4A24-9B73-8076A29259C3}.Release|ARM.ActiveCfg = Release|ARM
		{F97E2FAA-958E-4A24-9B73-8076A29259C3}.Release|ARM.Build.0 = Release|ARM
		{F97E2FAA-958E-4A24-9B73-8076A29259C3}.Release|ARM.Deploy.0 = Release|ARM
		{F97E2FAA-958E-4A24-9B73-8076A29259C3}.Release|x64.ActiveCfg = Release|Any CPU
		{F97E2FAA-958E-4A24-9B73-8076A29259C3}.Release|x86.ActiveCfg = Release|x86
		{F97E2FAA-958E-4A24-9B73-8076A29259C3}.Release|x86.Build.0 = Release|x86
		{F97E2FAA-958E-4A24-9B73-8076A29259C3}.Release|x86.Deploy.0 = Release|x86
		{743D8CD1-E0E0-4D7D-B97A-8E346DBF311F}.Debug|Any CPU.ActiveCfg = Debug|Any CPU
		{743D8CD1-E0E0-4D7D-B97A-8E346DBF311F}.Debug|Any CPU.Build.0 = Debug|Any CPU
		{743D8CD1-E0E0-4D7D-B97A-8E346DBF311F}.Debug|ARM.ActiveCfg = Debug|ARM
		{743D8CD1-E0E0-4D7D-B97A-8E346DBF311F}.Debug|ARM.Build.0 = Debug|ARM
		{743D8CD1-E0E0-4D7D-B97A-8E346DBF311F}.Debug|x64.ActiveCfg = Debug|Any CPU
		{743D8CD1-E0E0-4D7D-B97A-8E346DBF311F}.Debug|x86.ActiveCfg = Debug|x86
		{743D8CD1-E0E0-4D7D-B97A-8E346DBF311F}.Debug|x86.Build.0 = Debug|x86
		{743D8CD1-E0E0-4D7D-B97A-8E346DBF311F}.Release|Any CPU.ActiveCfg = Release|Any CPU
		{743D8CD1-E0E0-4D7D-B97A-8E346DBF311F}.Release|Any CPU.Build.0 = Release|Any CPU
		{743D8CD1-E0E0-4D7D-B97A-8E346DBF311F}.Release|ARM.ActiveCfg = Release|ARM
		{743D8CD1-E0E0-4D7D-B97A-8E346DBF311F}.Release|ARM.Build.0 = Release|ARM
		{743D8CD1-E0E0-4D7D-B97A-8E346DBF311F}.Release|x64.ActiveCfg = Release|Any CPU
		{743D8CD1-E0E0-4D7D-B97A-8E346DBF311F}.Release|x86.ActiveCfg = Release|x86
		{743D8CD1-E0E0-4D7D-B97A-8E346DBF311F}.Release|x86.Build.0 = Release|x86
		{CF9832A5-C92F-4699-A0F6-D01576B869B5}.Debug|Any CPU.ActiveCfg = Debug|Any CPU
		{CF9832A5-C92F-4699-A0F6-D01576B869B5}.Debug|Any CPU.Build.0 = Debug|Any CPU
		{CF9832A5-C92F-4699-A0F6-D01576B869B5}.Debug|ARM.ActiveCfg = Debug|ARM
		{CF9832A5-C92F-4699-A0F6-D01576B869B5}.Debug|ARM.Build.0 = Debug|ARM
		{CF9832A5-C92F-4699-A0F6-D01576B869B5}.Debug|x64.ActiveCfg = Debug|Any CPU
		{CF9832A5-C92F-4699-A0F6-D01576B869B5}.Debug|x86.ActiveCfg = Debug|x86
		{CF9832A5-C92F-4699-A0F6-D01576B869B5}.Debug|x86.Build.0 = Debug|x86
		{CF9832A5-C92F-4699-A0F6-D01576B869B5}.Release|Any CPU.ActiveCfg = Release|Any CPU
		{CF9832A5-C92F-4699-A0F6-D01576B869B5}.Release|Any CPU.Build.0 = Release|Any CPU
		{CF9832A5-C92F-4699-A0F6-D01576B869B5}.Release|ARM.ActiveCfg = Release|ARM
		{CF9832A5-C92F-4699-A0F6-D01576B869B5}.Release|ARM.Build.0 = Release|ARM
		{CF9832A5-C92F-4699-A0F6-D01576B869B5}.Release|x64.ActiveCfg = Release|Any CPU
		{CF9832A5-C92F-4699-A0F6-D01576B869B5}.Release|x86.ActiveCfg = Release|x86
		{CF9832A5-C92F-4699-A0F6-D01576B869B5}.Release|x86.Build.0 = Release|x86
	EndGlobalSection
	GlobalSection(SolutionProperties) = preSolution
		HideSolutionNode = FALSE
	EndGlobalSection
EndGlobal
